
Microsoft Visual Studio Solution File, Format Version 12.00
# Visual Studio Version 17
VisualStudioVersion = 17.10.35122.118
MinimumVisualStudioVersion = 10.0.40219.1
Project("{FAE04EC0-301F-11D3-BF4B-00C04F79EFBC}") = "MoviesWeb", "MoviesWeb\MoviesWeb.csproj", "{5903C5A7-2CAB-4A12-B12A-27ECC7C83F16}"
EndProject
Global
	GlobalSection(SolutionConfigurationPlatforms) = preSolution
		Debug|Any CPU = Debug|Any CPU
		Release|Any CPU = Release|Any CPU
	EndGlobalSection
	GlobalSection(ProjectConfigurationPlatforms) = postSolution
		{5903C5A7-2CAB-4A12-B12A-27ECC7C83F16}.Debug|Any CPU.ActiveCfg = Debug|Any CPU
		{5903C5A7-2CAB-4A12-B12A-27ECC7C83F16}.Debug|Any CPU.Build.0 = Debug|Any CPU
		{5903C5A7-2CAB-4A12-B12A-27ECC7C83F16}.Release|Any CPU.ActiveCfg = Release|Any CPU
		{5903C5A7-2CAB-4A12-B12A-27ECC7C83F16}.Release|Any CPU.Build.0 = Release|Any CPU
	EndGlobalSection
	GlobalSection(SolutionProperties) = preSolution
		HideSolutionNode = FALSE
	EndGlobalSection
	GlobalSection(ExtensibilityGlobals) = postSolution
		SolutionGuid = {653B4B43-33FA-4B38-9D38-748C1512EF2D}
	EndGlobalSection
EndGlobal
